
Microsoft Visual Studio Solution File, Format Version 12.00
Project("{FAE04EC0-301F-11D3-BF4B-00C04F79EFBC}") = "BlazorTailwindTraining.App2", "BlazorTailwindTraining.App2\BlazorTailwindTraining.App2\BlazorTailwindTraining.App2.csproj", "{3DA56DE1-5B38-4E12-B4C4-FD3556079D05}"
EndProject
Project("{FAE04EC0-301F-11D3-BF4B-00C04F79EFBC}") = "BlazorTailwindTraining.App2.Client", "BlazorTailwindTraining.App2\BlazorTailwindTraining.App2.Client\BlazorTailwindTraining.App2.Client.csproj", "{6C0AB246-F712-4EF1-81C7-CB13615AE133}"
EndProject
Project("{FAE04EC0-301F-11D3-BF4B-00C04F79EFBC}") = "BlazorTailwindTraining.AngularWebApp1", "BlazorTailwindTraining.AngularWebApp1\BlazorTailwindTraining.AngularWebApp1.csproj", "{26DB57A4-67FB-48B5-9BE5-80D63FB71A85}"
EndProject
Global
	GlobalSection(SolutionConfigurationPlatforms) = preSolution
		Debug|Any CPU = Debug|Any CPU
		Release|Any CPU = Release|Any CPU
	EndGlobalSection
	GlobalSection(ProjectConfigurationPlatforms) = postSolution
		{3DA56DE1-5B38-4E12-B4C4-FD3556079D05}.Debug|Any CPU.ActiveCfg = Debug|Any CPU
		{3DA56DE1-5B38-4E12-B4C4-FD3556079D05}.Debug|Any CPU.Build.0 = Debug|Any CPU
		{3DA56DE1-5B38-4E12-B4C4-FD3556079D05}.Release|Any CPU.ActiveCfg = Release|Any CPU
		{3DA56DE1-5B38-4E12-B4C4-FD3556079D05}.Release|Any CPU.Build.0 = Release|Any CPU
		{6C0AB246-F712-4EF1-81C7-CB13615AE133}.Debug|Any CPU.ActiveCfg = Debug|Any CPU
		{6C0AB246-F712-4EF1-81C7-CB13615AE133}.Debug|Any CPU.Build.0 = Debug|Any CPU
		{6C0AB246-F712-4EF1-81C7-CB13615AE133}.Release|Any CPU.ActiveCfg = Release|Any CPU
		{6C0AB246-F712-4EF1-81C7-CB13615AE133}.Release|Any CPU.Build.0 = Release|Any CPU
		{26DB57A4-67FB-48B5-9BE5-80D63FB71A85}.Debug|Any CPU.ActiveCfg = Debug|Any CPU
		{26DB57A4-67FB-48B5-9BE5-80D63FB71A85}.Debug|Any CPU.Build.0 = Debug|Any CPU
		{26DB57A4-67FB-48B5-9BE5-80D63FB71A85}.Release|Any CPU.ActiveCfg = Release|Any CPU
		{26DB57A4-67FB-48B5-9BE5-80D63FB71A85}.Release|Any CPU.Build.0 = Release|Any CPU
	EndGlobalSection
EndGlobal
